
Microsoft Visual Studio Solution File, Format Version 12.00
# Visual Studio 15
VisualStudioVersion = 15.0.28010.2046
MinimumVisualStudioVersion = 10.0.40219.1
Project("{9A19103F-16F7-4668-BE54-9A1E7A4F7556}") = "Shimmy", "Shimmy\Shimmy.csproj", "{0F9D2230-F608-4AC7-ACED-39EA71682881}"
EndProject
Project("{9A19103F-16F7-4668-BE54-9A1E7A4F7556}") = "Shimmy.Tests", "ShimmyTests\Shimmy.Tests.csproj", "{42FBD032-3BBF-409A-A360-C5413D250601}"
EndProject
Project("{9A19103F-16F7-4668-BE54-9A1E7A4F7556}") = "Pose", "Pose\Pose.csproj", "{4D3B41E2-9F09-4C99-A8C0-EA564AB72241}"
EndProject
Project("{9A19103F-16F7-4668-BE54-9A1E7A4F7556}") = "Pose.Tests", "PoseTests\Pose.Tests.csproj", "{EC288053-C881-44E5-99D1-23F122B25507}"
EndProject
Global
	GlobalSection(SolutionConfigurationPlatforms) = preSolution
		Debug|Any CPU = Debug|Any CPU
		Release|Any CPU = Release|Any CPU
	EndGlobalSection
	GlobalSection(ProjectConfigurationPlatforms) = postSolution
		{0F9D2230-F608-4AC7-ACED-39EA71682881}.Debug|Any CPU.ActiveCfg = Debug|Any CPU
		{0F9D2230-F608-4AC7-ACED-39EA71682881}.Debug|Any CPU.Build.0 = Debug|Any CPU
		{0F9D2230-F608-4AC7-ACED-39EA71682881}.Release|Any CPU.ActiveCfg = Release|Any CPU
		{0F9D2230-F608-4AC7-ACED-39EA71682881}.Release|Any CPU.Build.0 = Release|Any CPU
		{42FBD032-3BBF-409A-A360-C5413D250601}.Debug|Any CPU.ActiveCfg = Debug|Any CPU
		{42FBD032-3BBF-409A-A360-C5413D250601}.Debug|Any CPU.Build.0 = Debug|Any CPU
		{42FBD032-3BBF-409A-A360-C5413D250601}.Release|Any CPU.ActiveCfg = Release|Any CPU
		{42FBD032-3BBF-409A-A360-C5413D250601}.Release|Any CPU.Build.0 = Release|Any CPU
		{4D3B41E2-9F09-4C99-A8C0-EA564AB72241}.Debug|Any CPU.ActiveCfg = Debug|Any CPU
		{4D3B41E2-9F09-4C99-A8C0-EA564AB72241}.Debug|Any CPU.Build.0 = Debug|Any CPU
		{4D3B41E2-9F09-4C99-A8C0-EA564AB72241}.Release|Any CPU.ActiveCfg = Release|Any CPU
		{4D3B41E2-9F09-4C99-A8C0-EA564AB72241}.Release|Any CPU.Build.0 = Release|Any CPU
		{EC288053-C881-44E5-99D1-23F122B25507}.Debug|Any CPU.ActiveCfg = Debug|Any CPU
		{EC288053-C881-44E5-99D1-23F122B25507}.Debug|Any CPU.Build.0 = Debug|Any CPU
		{EC288053-C881-44E5-99D1-23F122B25507}.Release|Any CPU.ActiveCfg = Release|Any CPU
		{EC288053-C881-44E5-99D1-23F122B25507}.Release|Any CPU.Build.0 = Release|Any CPU
	EndGlobalSection
	GlobalSection(SolutionProperties) = preSolution
		HideSolutionNode = FALSE
	EndGlobalSection
	GlobalSection(ExtensibilityGlobals) = postSolution
		SolutionGuid = {A6B7AEAA-C089-4358-BC93-A8FB92775224}
	EndGlobalSection
EndGlobal
